// !$*UTF8*$!
{
	archiveVersion = 1;
	classes = {
	};
	objectVersion = 50;
	objects = {

/* Begin PBXBuildFile section */
		82523B9622AC95F800780FFC /* AppDelegate.swift in Sources */ = {isa = PBXBuildFile; fileRef = 82523B9522AC95F800780FFC /* AppDelegate.swift */; };
		82523B9822AC95F800780FFC /* SceneDelegate.swift in Sources */ = {isa = PBXBuildFile; fileRef = 82523B9722AC95F800780FFC /* SceneDelegate.swift */; };
		82523B9A22AC95F800780FFC /* ContentView.swift in Sources */ = {isa = PBXBuildFile; fileRef = 82523B9922AC95F800780FFC /* ContentView.swift */; };
		82523B9C22AC960000780FFC /* Assets.xcassets in Resources */ = {isa = PBXBuildFile; fileRef = 82523B9B22AC960000780FFC /* Assets.xcassets */; };
		82523B9F22AC960000780FFC /* Preview Assets.xcassets in Resources */ = {isa = PBXBuildFile; fileRef = 82523B9E22AC960000780FFC /* Preview Assets.xcassets */; };
		82523BA222AC960000780FFC /* LaunchScreen.storyboard in Resources */ = {isa = PBXBuildFile; fileRef = 82523BA022AC960000780FFC /* LaunchScreen.storyboard */; };
/* End PBXBuildFile section */

/* Begin PBXFileReference section */
		82523B9222AC95F800780FFC /* SWIFTUITopPageSample.app */ = {isa = PBXFileReference; explicitFileType = wrapper.application; includeInIndex = 0; path = SWIFTUITopPageSample.app; sourceTree = BUILT_PRODUCTS_DIR; };
		82523B9522AC95F800780FFC /* AppDelegate.swift */ = {isa = PBXFileReference; lastKnownFileType = sourcecode.swift; path = AppDelegate.swift; sourceTree = "<group>"; };
		82523B9722AC95F800780FFC /* SceneDelegate.swift */ = {isa = PBXFileReference; lastKnownFileType = sourcecode.swift; path = SceneDelegate.swift; sourceTree = "<group>"; };
		82523B9922AC95F800780FFC /* ContentView.swift */ = {isa = PBXFileReference; lastKnownFileType = sourcecode.swift; path = ContentView.swift; sourceTree = "<group>"; };
		82523B9B22AC960000780FFC /* Assets.xcassets */ = {isa = PBXFileReference; lastKnownFileType = folder.assetcatalog; path = Assets.xcassets; sourceTree = "<group>"; };
		82523B9E22AC960000780FFC /* Preview Assets.xcassets */ = {isa = PBXFileReference; lastKnownFileType = folder.assetcatalog; path = "Preview Assets.xcassets"; sourceTree = "<group>"; };
		82523BA122AC960000780FFC /* Base */ = {isa = PBXFileReference; lastKnownFileType = file.storyboard; name = Base; path = Base.lproj/LaunchScreen.storyboard; sourceTree = "<group>"; };
		82523BA322AC960000780FFC /* Info.plist */ = {isa = PBXFileReference; lastKnownFileType = text.plist.xml; path = Info.plist; sourceTree = "<group>"; };
/* End PBXFileReference section */

/* Begin PBXFrameworksBuildPhase section */
		82523B8F22AC95F800780FFC /* Frameworks */ = {
			isa = PBXFrameworksBuildPhase;
			buildActionMask = 2147483647;
			files = (
			);
			runOnlyForDeploymentPostprocessing = 0;
		};
/* End PBXFrameworksBuildPhase section */

/* Begin PBXGroup section */
		82523B8922AC95F800780FFC = {
			isa = PBXGroup;
			children = (
				82523B9422AC95F800780FFC /* SWIFTUITopPageSample */,
				82523B9322AC95F800780FFC /* Products */,
			);
			sourceTree = "<group>";
		};
		82523B9322AC95F800780FFC /* Products */ = {
			isa = PBXGroup;
			children = (
				82523B9222AC95F800780FFC /* SWIFTUITopPageSample.app */,
			);
			name = Products;
			sourceTree = "<group>";
		};
		82523B9422AC95F800780FFC /* SWIFTUITopPageSample */ = {
			isa = PBXGroup;
			children = (
				82523B9522AC95F800780FFC /* AppDelegate.swift */,
				82523B9722AC95F800780FFC /* SceneDelegate.swift */,
				82523B9922AC95F800780FFC /* ContentView.swift */,
				82523B9B22AC960000780FFC /* Assets.xcassets */,
				82523BA022AC960000780FFC /* LaunchScreen.storyboard */,
				82523BA322AC960000780FFC /* Info.plist */,
				82523B9D22AC960000780FFC /* Preview Content */,
			);
			path = SWIFTUITopPageSample;
			sourceTree = "<group>";
		};
		82523B9D22AC960000780FFC /* Preview Content */ = {
			isa = PBXGroup;
			children = (
				82523B9E22AC960000780FFC /* Preview Assets.xcassets */,
			);
			path = "Preview Content";
			sourceTree = "<group>";
		};
/* End PBXGroup section */

/* Begin PBXNativeTarget section */
		82523B9122AC95F800780FFC /* SWIFTUITopPageSample */ = {
			isa = PBXNativeTarget;
			buildConfigurationList = 82523BA622AC960000780FFC /* Build configuration list for PBXNativeTarget "SWIFTUITopPageSample" */;
			buildPhases = (
				82523B8E22AC95F800780FFC /* Sources */,
				82523B8F22AC95F800780FFC /* Frameworks */,
				82523B9022AC95F800780FFC /* Resources */,
			);
			buildRules = (
			);
			dependencies = (
			);
			name = SWIFTUITopPageSample;
			productName = SWIFTUITopPageSample;
			productReference = 82523B9222AC95F800780FFC /* SWIFTUITopPageSample.app */;
			productType = "com.apple.product-type.application";
		};
/* End PBXNativeTarget section */

/* Begin PBXProject section */
		82523B8A22AC95F800780FFC /* Project object */ = {
			isa = PBXProject;
			attributes = {
				LastSwiftUpdateCheck = 1100;
				LastUpgradeCheck = 1100;
				ORGANIZATIONNAME = "Takuma Osada";
				TargetAttributes = {
					82523B9122AC95F800780FFC = {
						CreatedOnToolsVersion = 11.0;
					};
				};
			};
			buildConfigurationList = 82523B8D22AC95F800780FFC /* Build configuration list for PBXProject "SWIFTUITopPageSample" */;
			compatibilityVersion = "Xcode 9.3";
			developmentRegion = en;
			hasScannedForEncodings = 0;
			knownRegions = (
				en,
				Base,
			);
			mainGroup = 82523B8922AC95F800780FFC;
			productRefGroup = 82523B9322AC95F800780FFC /* Products */;
			projectDirPath = "";
			projectRoot = "";
			targets = (
				82523B9122AC95F800780FFC /* SWIFTUITopPageSample */,
			);
		};
/* End PBXProject section */

/* Begin PBXResourcesBuildPhase section */
		82523B9022AC95F800780FFC /* Resources */ = {
			isa = PBXResourcesBuildPhase;
			buildActionMask = 2147483647;
			files = (
				82523BA222AC960000780FFC /* LaunchScreen.storyboard in Resources */,
				82523B9F22AC960000780FFC /* Preview Assets.xcassets in Resources */,
				82523B9C22AC960000780FFC /* Assets.xcassets in Resources */,
			);
			runOnlyForDeploymentPostprocessing = 0;
		};
/* End PBXResourcesBuildPhase section */

/* Begin PBXSourcesBuildPhase section */
		82523B8E22AC95F800780FFC /* Sources */ = {
			isa = PBXSourcesBuildPhase;
			buildActionMask = 2147483647;
			files = (
				82523B9622AC95F800780FFC /* AppDelegate.swift in Sources */,
				82523B9822AC95F800780FFC /* SceneDelegate.swift in Sources */,
				82523B9A22AC95F800780FFC /* ContentView.swift in Sources */,
			);
			runOnlyForDeploymentPostprocessing = 0;
		};
/* End PBXSourcesBuildPhase section */

/* Begin PBXVariantGroup section */
		82523BA022AC960000780FFC /* LaunchScreen.storyboard */ = {
			isa = PBXVariantGroup;
			children = (
				82523BA122AC960000780FFC /* Base */,
			);
			name = LaunchScreen.storyboard;
			sourceTree = "<group>";
		};
/* End PBXVariantGroup section */

/* Begin XCBuildConfiguration section */
		82523BA422AC960000780FFC /* Debug */ = {
			isa = XCBuildConfiguration;
			buildSettings = {
				ALWAYS_SEARCH_USER_PATHS = NO;
				CLANG_ANALYZER_NONNULL = YES;
				CLANG_ANALYZER_NUMBER_OBJECT_CONVERSION = YES_AGGRESSIVE;
				CLANG_CXX_LANGUAGE_STANDARD = "gnu++14";
				CLANG_CXX_LIBRARY = "libc++";
				CLANG_ENABLE_MODULES = YES;
				CLANG_ENABLE_OBJC_ARC = YES;
				CLANG_ENABLE_OBJC_WEAK = YES;
				CLANG_WARN_BLOCK_CAPTURE_AUTORELEASING = YES;
				CLANG_WARN_BOOL_CONVERSION = YES;
				CLANG_WARN_COMMA = YES;
				CLANG_WARN_CONSTANT_CONVERSION = YES;
				CLANG_WARN_DEPRECATED_OBJC_IMPLEMENTATIONS = YES;
				CLANG_WARN_DIRECT_OBJC_ISA_USAGE = YES_ERROR;
				CLANG_WARN_DOCUMENTATION_COMMENTS = YES;
				CLANG_WARN_EMPTY_BODY = YES;
				CLANG_WARN_ENUM_CONVERSION = YES;
				CLANG_WARN_INFINITE_RECURSION = YES;
				CLANG_WARN_INT_CONVERSION = YES;
				CLANG_WARN_NON_LITERAL_NULL_CONVERSION = YES;
				CLANG_WARN_OBJC_IMPLICIT_RETAIN_SELF = YES;
				CLANG_WARN_OBJC_LITERAL_CONVERSION = YES;
				CLANG_WARN_OBJC_ROOT_CLASS = YES_ERROR;
				CLANG_WARN_RANGE_LOOP_ANALYSIS = YES;
				CLANG_WARN_STRICT_PROTOTYPES = YES;
				CLANG_WARN_SUSPICIOUS_MOVE = YES;
				CLANG_WARN_UNGUARDED_AVAILABILITY = YES_AGGRESSIVE;
				CLANG_WARN_UNREACHABLE_CODE = YES;
				CLANG_WARN__DUPLICATE_METHOD_MATCH = YES;
				COPY_PHASE_STRIP = NO;
				DEBUG_INFORMATION_FORMAT = dwarf;
				ENABLE_STRICT_OBJC_MSGSEND = YES;
				ENABLE_TESTABILITY = YES;
				GCC_C_LANGUAGE_STANDARD = gnu11;
				GCC_DYNAMIC_NO_PIC = NO;
				GCC_NO_COMMON_BLOCKS = YES;
				GCC_OPTIMIZATION_LEVEL = 0;
				GCC_PREPROCESSOR_DEFINITIONS = (
					"DEBUG=1",
					"$(inherited)",
				);
				GCC_WARN_64_TO_32_BIT_CONVERSION = YES;
				GCC_WARN_ABOUT_RETURN_TYPE = YES_ERROR;
				GCC_WARN_UNDECLARED_SELECTOR = YES;
				GCC_WARN_UNINITIALIZED_AUTOS = YES_AGGRESSIVE;
				GCC_WARN_UNUSED_FUNCTION = YES;
				GCC_WARN_UNUSED_VARIABLE = YES;
				IPHONEOS_DEPLOYMENT_TARGET = 13.0;
				MTL_ENABLE_DEBUG_INFO = INCLUDE_SOURCE;
				MTL_FAST_MATH = YES;
				ONLY_ACTIVE_ARCH = YES;
				SDKROOT = iphoneos;
				SWIFT_ACTIVE_COMPILATION_CONDITIONS = DEBUG;
				SWIFT_OPTIMIZATION_LEVEL = "-Onone";
			};
			name = Debug;
		};
		82523BA522AC960000780FFC /* Release */ = {
			isa = XCBuildConfiguration;
			buildSettings = {
				ALWAYS_SEARCH_USER_PATHS = NO;
				CLANG_ANALYZER_NONNULL = YES;
				CLANG_ANALYZER_NUMBER_OBJECT_CONVERSION = YES_AGGRESSIVE;
				CLANG_CXX_LANGUAGE_STANDARD = "gnu++14";
				CLANG_CXX_LIBRARY = "libc++";
				CLANG_ENABLE_MODULES = YES;
				CLANG_ENABLE_OBJC_ARC = YES;
				CLANG_ENABLE_OBJC_WEAK = YES;
				CLANG_WARN_BLOCK_CAPTURE_AUTORELEASING = YES;
				CLANG_WARN_BOOL_CONVERSION = YES;
				CLANG_WARN_COMMA = YES;
				CLANG_WARN_CONSTANT_CONVERSION = YES;
				CLANG_WARN_DEPRECATED_OBJC_IMPLEMENTATIONS = YES;
				CLANG_WARN_DIRECT_OBJC_ISA_USAGE = YES_ERROR;
				CLANG_WARN_DOCUMENTATION_COMMENTS = YES;
				CLANG_WARN_EMPTY_BODY = YES;
				CLANG_WARN_ENUM_CONVERSION = YES;
				CLANG_WARN_INFINITE_RECURSION = YES;
				CLANG_WARN_INT_CONVERSION = YES;
				CLANG_WARN_NON_LITERAL_NULL_CONVERSION = YES;
				CLANG_WARN_OBJC_IMPLICIT_RETAIN_SELF = YES;
				CLANG_WARN_OBJC_LITERAL_CONVERSION = YES;
				CLANG_WARN_OBJC_ROOT_CLASS = YES_ERROR;
				CLANG_WARN_RANGE_LOOP_ANALYSIS = YES;
				CLANG_WARN_STRICT_PROTOTYPES = YES;
				CLANG_WARN_SUSPICIOUS_MOVE = YES;
				CLANG_WARN_UNGUARDED_AVAILABILITY = YES_AGGRESSIVE;
				CLANG_WARN_UNREACHABLE_CODE = YES;
				CLANG_WARN__DUPLICATE_METHOD_MATCH = YES;
				COPY_PHASE_STRIP = NO;
				DEBUG_INFORMATION_FORMAT = "dwarf-with-dsym";
				ENABLE_NS_ASSERTIONS = NO;
				ENABLE_STRICT_OBJC_MSGSEND = YES;
				GCC_C_LANGUAGE_STANDARD = gnu11;
				GCC_NO_COMMON_BLOCKS = YES;
				GCC_WARN_64_TO_32_BIT_CONVERSION = YES;
				GCC_WARN_ABOUT_RETURN_TYPE = YES_ERROR;
				GCC_WARN_UNDECLARED_SELECTOR = YES;
				GCC_WARN_UNINITIALIZED_AUTOS = YES_AGGRESSIVE;
				GCC_WARN_UNUSED_FUNCTION = YES;
				GCC_WARN_UNUSED_VARIABLE = YES;
				IPHONEOS_DEPLOYMENT_TARGET = 13.0;
				MTL_ENABLE_DEBUG_INFO = NO;
				MTL_FAST_MATH = YES;
				SDKROOT = iphoneos;
				SWIFT_COMPILATION_MODE = wholemodule;
				SWIFT_OPTIMIZATION_LEVEL = "-O";
				VALIDATE_PRODUCT = YES;
			};
			name = Release;
		};
		82523BA722AC960000780FFC /* Debug */ = {
			isa = XCBuildConfiguration;
			buildSettings = {
				ASSETCATALOG_COMPILER_APPICON_NAME = AppIcon;
				CODE_SIGN_STYLE = Automatic;
				DEVELOPMENT_ASSET_PATHS = "SWIFTUITopPageSample/Preview\\ Content";
				DEVELOPMENT_TEAM = P46632C32H;
				ENABLE_PREVIEWS = YES;
				INFOPLIST_FILE = SWIFTUITopPageSample/Info.plist;
				LD_RUNPATH_SEARCH_PATHS = (
					"$(inherited)",
					"@executable_path/Frameworks",
				);
				PRODUCT_BUNDLE_IDENTIFIER = com.0sataku.SWIFTUITopPageSample;
				PRODUCT_NAME = "$(TARGET_NAME)";
				SWIFT_VERSION = 5.0;
				TARGETED_DEVICE_FAMILY = "1,2";
			};
			name = Debug;
		};
		82523BA822AC960000780FFC /* Release */ = {
			isa = XCBuildConfiguration;
			buildSettings = {
				ASSETCATALOG_COMPILER_APPICON_NAME = AppIcon;
				CODE_SIGN_STYLE = Automatic;
				DEVELOPMENT_ASSET_PATHS = "SWIFTUITopPageSample/Preview\\ Content";
				DEVELOPMENT_TEAM = P46632C32H;
				ENABLE_PREVIEWS = YES;
				INFOPLIST_FILE = SWIFTUITopPageSample/Info.plist;
				LD_RUNPATH_SEARCH_PATHS = (
					"$(inherited)",
					"@executable_path/Frameworks",
				);
				PRODUCT_BUNDLE_IDENTIFIER = com.0sataku.SWIFTUITopPageSample;
				PRODUCT_NAME = "$(TARGET_NAME)";
				SWIFT_VERSION = 5.0;
				TARGETED_DEVICE_FAMILY = "1,2";
			};
			name = Release;
		};
/* End XCBuildConfiguration section */

/* Begin XCConfigurationList section */
		82523B8D22AC95F800780FFC /* Build configuration list for PBXProject "SWIFTUITopPageSample" */ = {
			isa = XCConfigurationList;
			buildConfigurations = (
				82523BA422AC960000780FFC /* Debug */,
				82523BA522AC960000780FFC /* Release */,
			);
			defaultConfigurationIsVisible = 0;
			defaultConfigurationName = Release;
		};
		82523BA622AC960000780FFC /* Build configuration list for PBXNativeTarget "SWIFTUITopPageSample" */ = {
			isa = XCConfigurationList;
			buildConfigurations = (
				82523BA722AC960000780FFC /* Debug */,
				82523BA822AC960000780FFC /* Release */,
			);
			defaultConfigurationIsVisible = 0;
			defaultConfigurationName = Release;
		};
/* End XCConfigurationList section */
	};
	rootObject = 82523B8A22AC95F800780FFC /* Project object */;
}
